
Microsoft Visual Studio Solution File, Format Version 12.00
# Visual Studio Version 17
VisualStudioVersion = 17.11.35312.102
MinimumVisualStudioVersion = 10.0.40219.1
Project("{FAE04EC0-301F-11D3-BF4B-00C04F79EFBC}") = "RecSys", "RecSys\RecSys.csproj", "{E44B20A8-5A0F-4EE6-A843-FA947AFCB571}"
EndProject
Global
	GlobalSection(SolutionConfigurationPlatforms) = preSolution
		Debug|Any CPU = Debug|Any CPU
		Release|Any CPU = Release|Any CPU
	EndGlobalSection
	GlobalSection(ProjectConfigurationPlatforms) = postSolution
		{E44B20A8-5A0F-4EE6-A843-FA947AFCB571}.Debug|Any CPU.ActiveCfg = Debug|Any CPU
		{E44B20A8-5A0F-4EE6-A843-FA947AFCB571}.Debug|Any CPU.Build.0 = Debug|Any CPU
		{E44B20A8-5A0F-4EE6-A843-FA947AFCB571}.Release|Any CPU.ActiveCfg = Release|Any CPU
		{E44B20A8-5A0F-4EE6-A843-FA947AFCB571}.Release|Any CPU.Build.0 = Release|Any CPU
	EndGlobalSection
	GlobalSection(SolutionProperties) = preSolution
		HideSolutionNode = FALSE
	EndGlobalSection
	GlobalSection(ExtensibilityGlobals) = postSolution
		SolutionGuid = {02CB56D2-65CB-413C-AF97-8B9155D5D592}
	EndGlobalSection
EndGlobal
